
Microsoft Visual Studio Solution File, Format Version 12.00
# Visual Studio Version 17
VisualStudioVersion = 17.5.33424.131
MinimumVisualStudioVersion = 10.0.40219.1
Project("{FAE04EC0-301F-11D3-BF4B-00C04F79EFBC}") = "Calculadora Tarefa", "Calculadora Tarefa.csproj", "{57833DE6-BEE9-40F9-B844-53650DF22BD9}"
EndProject
Global
	GlobalSection(SolutionConfigurationPlatforms) = preSolution
		Debug|Any CPU = Debug|Any CPU
		Release|Any CPU = Release|Any CPU
	EndGlobalSection
	GlobalSection(ProjectConfigurationPlatforms) = postSolution
		{57833DE6-BEE9-40F9-B844-53650DF22BD9}.Debug|Any CPU.ActiveCfg = Debug|Any CPU
		{57833DE6-BEE9-40F9-B844-53650DF22BD9}.Debug|Any CPU.Build.0 = Debug|Any CPU
		{57833DE6-BEE9-40F9-B844-53650DF22BD9}.Release|Any CPU.ActiveCfg = Release|Any CPU
		{57833DE6-BEE9-40F9-B844-53650DF22BD9}.Release|Any CPU.Build.0 = Release|Any CPU
	EndGlobalSection
	GlobalSection(SolutionProperties) = preSolution
		HideSolutionNode = FALSE
	EndGlobalSection
	GlobalSection(ExtensibilityGlobals) = postSolution
		SolutionGuid = {FF9F451C-6BCD-4F7D-B1BE-7D280FF84228}
	EndGlobalSection
EndGlobal
